// !$*UTF8*$!
{
	archiveVersion = 1;
	classes = {
	};
	objectVersion = 51;
	objects = {

/* Begin PBXBuildFile section */
		1307CC4D6EECBF9245A1D4E8 /* Pods_GNBTrades_GNBTradesUITests.framework in Frameworks */ = {isa = PBXBuildFile; fileRef = 419D648A22BFE941183FF2F9 /* Pods_GNBTrades_GNBTradesUITests.framework */; };
		4017127ECBB0394B6A6C67B1 /* Pods_GNBTradesTests.framework in Frameworks */ = {isa = PBXBuildFile; fileRef = 65A25362EA4BAE40B01D3A1B /* Pods_GNBTradesTests.framework */; };
		8768B12D266A833000114B8C /* AppDelegate.swift in Sources */ = {isa = PBXBuildFile; fileRef = 8768B12C266A833000114B8C /* AppDelegate.swift */; };
		8768B12F266A833000114B8C /* SceneDelegate.swift in Sources */ = {isa = PBXBuildFile; fileRef = 8768B12E266A833000114B8C /* SceneDelegate.swift */; };
		8768B134266A833000114B8C /* Main.storyboard in Resources */ = {isa = PBXBuildFile; fileRef = 8768B132266A833000114B8C /* Main.storyboard */; };
		8768B136266A833200114B8C /* Assets.xcassets in Resources */ = {isa = PBXBuildFile; fileRef = 8768B135266A833200114B8C /* Assets.xcassets */; };
		8768B139266A833200114B8C /* LaunchScreen.storyboard in Resources */ = {isa = PBXBuildFile; fileRef = 8768B137266A833200114B8C /* LaunchScreen.storyboard */; };
		8768B144266A833200114B8C /* GNBTradesTests.swift in Sources */ = {isa = PBXBuildFile; fileRef = 8768B143266A833200114B8C /* GNBTradesTests.swift */; };
		8768B14F266A833200114B8C /* GNBTradesUITests.swift in Sources */ = {isa = PBXBuildFile; fileRef = 8768B14E266A833200114B8C /* GNBTradesUITests.swift */; };
		8768B1E3266A9F3300114B8C /* Transaction.swift in Sources */ = {isa = PBXBuildFile; fileRef = 8768B1E2266A9F3300114B8C /* Transaction.swift */; };
		8768B1E8266A9F3B00114B8C /* Rate.swift in Sources */ = {isa = PBXBuildFile; fileRef = 8768B1E7266A9F3B00114B8C /* Rate.swift */; };
		8768B1EE266A9FEB00114B8C /* Commons.swift in Sources */ = {isa = PBXBuildFile; fileRef = 8768B1ED266A9FEB00114B8C /* Commons.swift */; };
		8768B21C266AACDC00114B8C /* ProductsViewController.swift in Sources */ = {isa = PBXBuildFile; fileRef = 8768B21B266AACDC00114B8C /* ProductsViewController.swift */; };
		8768B224266AACF900114B8C /* TransactionsViewController.swift in Sources */ = {isa = PBXBuildFile; fileRef = 8768B223266AACF900114B8C /* TransactionsViewController.swift */; };
		8768B237266AB1FC00114B8C /* RemoteDataStore.swift in Sources */ = {isa = PBXBuildFile; fileRef = 8768B236266AB1FC00114B8C /* RemoteDataStore.swift */; };
		8768B258266AC44600114B8C /* Product.swift in Sources */ = {isa = PBXBuildFile; fileRef = 8768B257266AC44600114B8C /* Product.swift */; };
		8768B271266ADC4400114B8C /* ProductCollectionViewCell.swift in Sources */ = {isa = PBXBuildFile; fileRef = 8768B26F266ADC4400114B8C /* ProductCollectionViewCell.swift */; };
		8768B272266ADC4400114B8C /* ProductCollectionViewCell.xib in Resources */ = {isa = PBXBuildFile; fileRef = 8768B270266ADC4400114B8C /* ProductCollectionViewCell.xib */; };
		8768B278266ADC6800114B8C /* TransactionTableViewCell.swift in Sources */ = {isa = PBXBuildFile; fileRef = 8768B276266ADC6800114B8C /* TransactionTableViewCell.swift */; };
		8768B279266ADC6800114B8C /* TransactionTableViewCell.xib in Resources */ = {isa = PBXBuildFile; fileRef = 8768B277266ADC6800114B8C /* TransactionTableViewCell.xib */; };
		8768B292266C12BA00114B8C /* BaseService.swift in Sources */ = {isa = PBXBuildFile; fileRef = 8768B291266C12BA00114B8C /* BaseService.swift */; };
		8768B2BA266C26A500114B8C /* ProductsVC+CollectionView.swift in Sources */ = {isa = PBXBuildFile; fileRef = 8768B2B9266C26A500114B8C /* ProductsVC+CollectionView.swift */; };
		8768B2BF266C26D800114B8C /* ProductsVCPresenter.swift in Sources */ = {isa = PBXBuildFile; fileRef = 8768B2BE266C26D800114B8C /* ProductsVCPresenter.swift */; };
		8768B2C4266C2A1C00114B8C /* ProductsVC+PresenterDelegate.swift in Sources */ = {isa = PBXBuildFile; fileRef = 8768B2C3266C2A1C00114B8C /* ProductsVC+PresenterDelegate.swift */; };
		8768B321266C622A00114B8C /* TransactionsVCPresenter.swift in Sources */ = {isa = PBXBuildFile; fileRef = 8768B320266C622A00114B8C /* TransactionsVCPresenter.swift */; };
		8768B333266CD89B00114B8C /* TransactionsVC+PresenterDelegate.swift in Sources */ = {isa = PBXBuildFile; fileRef = 8768B332266CD89A00114B8C /* TransactionsVC+PresenterDelegate.swift */; };
		8768B338266CD8D100114B8C /* TransactionsVC+TableView.swift in Sources */ = {isa = PBXBuildFile; fileRef = 8768B337266CD8D100114B8C /* TransactionsVC+TableView.swift */; };
		879C3F62267113B3005832CF /* UIViewController+ShowDialog.swift in Sources */ = {isa = PBXBuildFile; fileRef = 879C3F61267113B3005832CF /* UIViewController+ShowDialog.swift */; };
		879C3F6F26711525005832CF /* ConversorHelper.swift in Sources */ = {isa = PBXBuildFile; fileRef = 879C3F6E26711525005832CF /* ConversorHelper.swift */; };
		879C3F95267132B5005832CF /* Currency.swift in Sources */ = {isa = PBXBuildFile; fileRef = 879C3F94267132B5005832CF /* Currency.swift */; };
		87B6FF3C2670D352000CB029 /* NavigationHelper.swift in Sources */ = {isa = PBXBuildFile; fileRef = 87B6FF3B2670D352000CB029 /* NavigationHelper.swift */; };
		C0E2BC4C6081F2C417E5D135 /* Pods_GNBTrades.framework in Frameworks */ = {isa = PBXBuildFile; fileRef = E111348379EEBD76CB709557 /* Pods_GNBTrades.framework */; };
/* End PBXBuildFile section */

/* Begin PBXContainerItemProxy section */
		8768B140266A833200114B8C /* PBXContainerItemProxy */ = {
			isa = PBXContainerItemProxy;
			containerPortal = 8768B121266A833000114B8C /* Project object */;
			proxyType = 1;
			remoteGlobalIDString = 8768B128266A833000114B8C;
			remoteInfo = GNBTrades;
		};
		8768B14B266A833200114B8C /* PBXContainerItemProxy */ = {
			isa = PBXContainerItemProxy;
			containerPortal = 8768B121266A833000114B8C /* Project object */;
			proxyType = 1;
			remoteGlobalIDString = 8768B128266A833000114B8C;
			remoteInfo = GNBTrades;
		};
/* End PBXContainerItemProxy section */

/* Begin PBXFileReference section */
		2F9FB85354F10F9211547385 /* Pods-GNBTrades-GNBTradesUITests.release.xcconfig */ = {isa = PBXFileReference; includeInIndex = 1; lastKnownFileType = text.xcconfig; name = "Pods-GNBTrades-GNBTradesUITests.release.xcconfig"; path = "Target Support Files/Pods-GNBTrades-GNBTradesUITests/Pods-GNBTrades-GNBTradesUITests.release.xcconfig"; sourceTree = "<group>"; };
		419D648A22BFE941183FF2F9 /* Pods_GNBTrades_GNBTradesUITests.framework */ = {isa = PBXFileReference; explicitFileType = wrapper.framework; includeInIndex = 0; path = Pods_GNBTrades_GNBTradesUITests.framework; sourceTree = BUILT_PRODUCTS_DIR; };
		4410B26C5C374AFDA8CD9325 /* Pods-GNBTradesTests.debug.xcconfig */ = {isa = PBXFileReference; includeInIndex = 1; lastKnownFileType = text.xcconfig; name = "Pods-GNBTradesTests.debug.xcconfig"; path = "Target Support Files/Pods-GNBTradesTests/Pods-GNBTradesTests.debug.xcconfig"; sourceTree = "<group>"; };
		4586CF44FBE73FA3755888EC /* Pods-GNBTrades.debug.xcconfig */ = {isa = PBXFileReference; includeInIndex = 1; lastKnownFileType = text.xcconfig; name = "Pods-GNBTrades.debug.xcconfig"; path = "Target Support Files/Pods-GNBTrades/Pods-GNBTrades.debug.xcconfig"; sourceTree = "<group>"; };
		65A25362EA4BAE40B01D3A1B /* Pods_GNBTradesTests.framework */ = {isa = PBXFileReference; explicitFileType = wrapper.framework; includeInIndex = 0; path = Pods_GNBTradesTests.framework; sourceTree = BUILT_PRODUCTS_DIR; };
		8768B129266A833000114B8C /* GNBTrades.app */ = {isa = PBXFileReference; explicitFileType = wrapper.application; includeInIndex = 0; path = GNBTrades.app; sourceTree = BUILT_PRODUCTS_DIR; };
		8768B12C266A833000114B8C /* AppDelegate.swift */ = {isa = PBXFileReference; lastKnownFileType = sourcecode.swift; path = AppDelegate.swift; sourceTree = "<group>"; };
		8768B12E266A833000114B8C /* SceneDelegate.swift */ = {isa = PBXFileReference; lastKnownFileType = sourcecode.swift; path = SceneDelegate.swift; sourceTree = "<group>"; };
		8768B133266A833000114B8C /* Base */ = {isa = PBXFileReference; lastKnownFileType = file.storyboard; name = Base; path = Base.lproj/Main.storyboard; sourceTree = "<group>"; };
		8768B135266A833200114B8C /* Assets.xcassets */ = {isa = PBXFileReference; lastKnownFileType = folder.assetcatalog; path = Assets.xcassets; sourceTree = "<group>"; };
		8768B138266A833200114B8C /* Base */ = {isa = PBXFileReference; lastKnownFileType = file.storyboard; name = Base; path = Base.lproj/LaunchScreen.storyboard; sourceTree = "<group>"; };
		8768B13A266A833200114B8C /* Info.plist */ = {isa = PBXFileReference; lastKnownFileType = text.plist.xml; path = Info.plist; sourceTree = "<group>"; };
		8768B13F266A833200114B8C /* GNBTradesTests.xctest */ = {isa = PBXFileReference; explicitFileType = wrapper.cfbundle; includeInIndex = 0; path = GNBTradesTests.xctest; sourceTree = BUILT_PRODUCTS_DIR; };
		8768B143266A833200114B8C /* GNBTradesTests.swift */ = {isa = PBXFileReference; lastKnownFileType = sourcecode.swift; path = GNBTradesTests.swift; sourceTree = "<group>"; };
		8768B145266A833200114B8C /* Info.plist */ = {isa = PBXFileReference; lastKnownFileType = text.plist.xml; path = Info.plist; sourceTree = "<group>"; };
		8768B14A266A833200114B8C /* GNBTradesUITests.xctest */ = {isa = PBXFileReference; explicitFileType = wrapper.cfbundle; includeInIndex = 0; path = GNBTradesUITests.xctest; sourceTree = BUILT_PRODUCTS_DIR; };
		8768B14E266A833200114B8C /* GNBTradesUITests.swift */ = {isa = PBXFileReference; lastKnownFileType = sourcecode.swift; path = GNBTradesUITests.swift; sourceTree = "<group>"; };
		8768B150266A833200114B8C /* Info.plist */ = {isa = PBXFileReference; lastKnownFileType = text.plist.xml; path = Info.plist; sourceTree = "<group>"; };
		8768B1E2266A9F3300114B8C /* Transaction.swift */ = {isa = PBXFileReference; lastKnownFileType = sourcecode.swift; path = Transaction.swift; sourceTree = "<group>"; };
		8768B1E7266A9F3B00114B8C /* Rate.swift */ = {isa = PBXFileReference; lastKnownFileType = sourcecode.swift; path = Rate.swift; sourceTree = "<group>"; };
		8768B1ED266A9FEB00114B8C /* Commons.swift */ = {isa = PBXFileReference; lastKnownFileType = sourcecode.swift; path = Commons.swift; sourceTree = "<group>"; };
		8768B21B266AACDC00114B8C /* ProductsViewController.swift */ = {isa = PBXFileReference; lastKnownFileType = sourcecode.swift; path = ProductsViewController.swift; sourceTree = "<group>"; };
		8768B223266AACF900114B8C /* TransactionsViewController.swift */ = {isa = PBXFileReference; lastKnownFileType = sourcecode.swift; path = TransactionsViewController.swift; sourceTree = "<group>"; };
		8768B236266AB1FC00114B8C /* RemoteDataStore.swift */ = {isa = PBXFileReference; lastKnownFileType = sourcecode.swift; path = RemoteDataStore.swift; sourceTree = "<group>"; };
		8768B257266AC44600114B8C /* Product.swift */ = {isa = PBXFileReference; lastKnownFileType = sourcecode.swift; path = Product.swift; sourceTree = "<group>"; };
		8768B26F266ADC4400114B8C /* ProductCollectionViewCell.swift */ = {isa = PBXFileReference; lastKnownFileType = sourcecode.swift; path = ProductCollectionViewCell.swift; sourceTree = "<group>"; };
		8768B270266ADC4400114B8C /* ProductCollectionViewCell.xib */ = {isa = PBXFileReference; lastKnownFileType = file.xib; path = ProductCollectionViewCell.xib; sourceTree = "<group>"; };
		8768B276266ADC6800114B8C /* TransactionTableViewCell.swift */ = {isa = PBXFileReference; lastKnownFileType = sourcecode.swift; path = TransactionTableViewCell.swift; sourceTree = "<group>"; };
		8768B277266ADC6800114B8C /* TransactionTableViewCell.xib */ = {isa = PBXFileReference; lastKnownFileType = file.xib; path = TransactionTableViewCell.xib; sourceTree = "<group>"; };
		8768B291266C12BA00114B8C /* BaseService.swift */ = {isa = PBXFileReference; lastKnownFileType = sourcecode.swift; path = BaseService.swift; sourceTree = "<group>"; };
		8768B2B9266C26A500114B8C /* ProductsVC+CollectionView.swift */ = {isa = PBXFileReference; lastKnownFileType = sourcecode.swift; path = "ProductsVC+CollectionView.swift"; sourceTree = "<group>"; };
		8768B2BE266C26D800114B8C /* ProductsVCPresenter.swift */ = {isa = PBXFileReference; lastKnownFileType = sourcecode.swift; path = ProductsVCPresenter.swift; sourceTree = "<group>"; };
		8768B2C3266C2A1C00114B8C /* ProductsVC+PresenterDelegate.swift */ = {isa = PBXFileReference; lastKnownFileType = sourcecode.swift; path = "ProductsVC+PresenterDelegate.swift"; sourceTree = "<group>"; };
		8768B320266C622A00114B8C /* TransactionsVCPresenter.swift */ = {isa = PBXFileReference; lastKnownFileType = sourcecode.swift; path = TransactionsVCPresenter.swift; sourceTree = "<group>"; };
		8768B332266CD89A00114B8C /* TransactionsVC+PresenterDelegate.swift */ = {isa = PBXFileReference; lastKnownFileType = sourcecode.swift; path = "TransactionsVC+PresenterDelegate.swift"; sourceTree = "<group>"; };
		8768B337266CD8D100114B8C /* TransactionsVC+TableView.swift */ = {isa = PBXFileReference; lastKnownFileType = sourcecode.swift; path = "TransactionsVC+TableView.swift"; sourceTree = "<group>"; };
		879C3F61267113B3005832CF /* UIViewController+ShowDialog.swift */ = {isa = PBXFileReference; lastKnownFileType = sourcecode.swift; path = "UIViewController+ShowDialog.swift"; sourceTree = "<group>"; };
		879C3F6E26711525005832CF /* ConversorHelper.swift */ = {isa = PBXFileReference; lastKnownFileType = sourcecode.swift; path = ConversorHelper.swift; sourceTree = "<group>"; };
		879C3F94267132B5005832CF /* Currency.swift */ = {isa = PBXFileReference; lastKnownFileType = sourcecode.swift; path = Currency.swift; sourceTree = "<group>"; };
		87B6FF3B2670D352000CB029 /* NavigationHelper.swift */ = {isa = PBXFileReference; lastKnownFileType = sourcecode.swift; path = NavigationHelper.swift; sourceTree = "<group>"; };
		A2FE36D209A1C0BCE8D48E80 /* Pods-GNBTradesTests.release.xcconfig */ = {isa = PBXFileReference; includeInIndex = 1; lastKnownFileType = text.xcconfig; name = "Pods-GNBTradesTests.release.xcconfig"; path = "Target Support Files/Pods-GNBTradesTests/Pods-GNBTradesTests.release.xcconfig"; sourceTree = "<group>"; };
		C82ED69699E39034D87D8BF1 /* Pods-GNBTrades.release.xcconfig */ = {isa = PBXFileReference; includeInIndex = 1; lastKnownFileType = text.xcconfig; name = "Pods-GNBTrades.release.xcconfig"; path = "Target Support Files/Pods-GNBTrades/Pods-GNBTrades.release.xcconfig"; sourceTree = "<group>"; };
		E111348379EEBD76CB709557 /* Pods_GNBTrades.framework */ = {isa = PBXFileReference; explicitFileType = wrapper.framework; includeInIndex = 0; path = Pods_GNBTrades.framework; sourceTree = BUILT_PRODUCTS_DIR; };
		F85E1EBFFEDDF024B5A619E6 /* Pods-GNBTrades-GNBTradesUITests.debug.xcconfig */ = {isa = PBXFileReference; includeInIndex = 1; lastKnownFileType = text.xcconfig; name = "Pods-GNBTrades-GNBTradesUITests.debug.xcconfig"; path = "Target Support Files/Pods-GNBTrades-GNBTradesUITests/Pods-GNBTrades-GNBTradesUITests.debug.xcconfig"; sourceTree = "<group>"; };
/* End PBXFileReference section */

/* Begin PBXFrameworksBuildPhase section */
		8768B126266A833000114B8C /* Frameworks */ = {
			isa = PBXFrameworksBuildPhase;
			buildActionMask = 2147483647;
			files = (
				C0E2BC4C6081F2C417E5D135 /* Pods_GNBTrades.framework in Frameworks */,
			);
			runOnlyForDeploymentPostprocessing = 0;
		};
		8768B13C266A833200114B8C /* Frameworks */ = {
			isa = PBXFrameworksBuildPhase;
			buildActionMask = 2147483647;
			files = (
				4017127ECBB0394B6A6C67B1 /* Pods_GNBTradesTests.framework in Frameworks */,
			);
			runOnlyForDeploymentPostprocessing = 0;
		};
		8768B147266A833200114B8C /* Frameworks */ = {
			isa = PBXFrameworksBuildPhase;
			buildActionMask = 2147483647;
			files = (
				1307CC4D6EECBF9245A1D4E8 /* Pods_GNBTrades_GNBTradesUITests.framework in Frameworks */,
			);
			runOnlyForDeploymentPostprocessing = 0;
		};
/* End PBXFrameworksBuildPhase section */

/* Begin PBXGroup section */
		30B8A77DDD047B5EAA4CB11A /* Pods */ = {
			isa = PBXGroup;
			children = (
				4586CF44FBE73FA3755888EC /* Pods-GNBTrades.debug.xcconfig */,
				C82ED69699E39034D87D8BF1 /* Pods-GNBTrades.release.xcconfig */,
				F85E1EBFFEDDF024B5A619E6 /* Pods-GNBTrades-GNBTradesUITests.debug.xcconfig */,
				2F9FB85354F10F9211547385 /* Pods-GNBTrades-GNBTradesUITests.release.xcconfig */,
				4410B26C5C374AFDA8CD9325 /* Pods-GNBTradesTests.debug.xcconfig */,
				A2FE36D209A1C0BCE8D48E80 /* Pods-GNBTradesTests.release.xcconfig */,
			);
			path = Pods;
			sourceTree = "<group>";
		};
		674A283A6669BAE60C276C07 /* Frameworks */ = {
			isa = PBXGroup;
			children = (
				E111348379EEBD76CB709557 /* Pods_GNBTrades.framework */,
				419D648A22BFE941183FF2F9 /* Pods_GNBTrades_GNBTradesUITests.framework */,
				65A25362EA4BAE40B01D3A1B /* Pods_GNBTradesTests.framework */,
			);
			name = Frameworks;
			sourceTree = "<group>";
		};
		8768B120266A833000114B8C = {
			isa = PBXGroup;
			children = (
				8768B12B266A833000114B8C /* GNBTrades */,
				8768B142266A833200114B8C /* GNBTradesTests */,
				8768B14D266A833200114B8C /* GNBTradesUITests */,
				8768B12A266A833000114B8C /* Products */,
				30B8A77DDD047B5EAA4CB11A /* Pods */,
				674A283A6669BAE60C276C07 /* Frameworks */,
			);
			sourceTree = "<group>";
		};
		8768B12A266A833000114B8C /* Products */ = {
			isa = PBXGroup;
			children = (
				8768B129266A833000114B8C /* GNBTrades.app */,
				8768B13F266A833200114B8C /* GNBTradesTests.xctest */,
				8768B14A266A833200114B8C /* GNBTradesUITests.xctest */,
			);
			name = Products;
			sourceTree = "<group>";
		};
		8768B12B266A833000114B8C /* GNBTrades */ = {
			isa = PBXGroup;
			children = (
				8768B2B7266C262F00114B8C /* Scenes */,
				8768B52E266FD8BF00114B8C /* Storyboards */,
				8768B1E1266A9F2900114B8C /* Models */,
				8768B23B266AB2E800114B8C /* Presenters */,
				8768B230266AB17600114B8C /* Service */,
				8768B248266AB77300114B8C /* Views */,
				8768B532266FD8EA00114B8C /* Resources */,
				87B6FF3A2670D339000CB029 /* Helpers */,
				8768B52D266FD8A300114B8C /* Supporting Files */,
				8768B52C266FD88F00114B8C /* Startup */,
				879C3F932671329E005832CF /* Utils */,
				879C3F5626711179005832CF /* Extensions */,
				8768B13A266A833200114B8C /* Info.plist */,
			);
			path = GNBTrades;
			sourceTree = "<group>";
		};
		8768B142266A833200114B8C /* GNBTradesTests */ = {
			isa = PBXGroup;
			children = (
				8768B143266A833200114B8C /* GNBTradesTests.swift */,
				8768B145266A833200114B8C /* Info.plist */,
			);
			path = GNBTradesTests;
			sourceTree = "<group>";
		};
		8768B14D266A833200114B8C /* GNBTradesUITests */ = {
			isa = PBXGroup;
			children = (
				8768B14E266A833200114B8C /* GNBTradesUITests.swift */,
				8768B150266A833200114B8C /* Info.plist */,
			);
			path = GNBTradesUITests;
			sourceTree = "<group>";
		};
		8768B1E1266A9F2900114B8C /* Models */ = {
			isa = PBXGroup;
			children = (
				8768B1E2266A9F3300114B8C /* Transaction.swift */,
				8768B1E7266A9F3B00114B8C /* Rate.swift */,
				8768B257266AC44600114B8C /* Product.swift */,
			);
			path = Models;
			sourceTree = "<group>";
		};
		8768B230266AB17600114B8C /* Service */ = {
			isa = PBXGroup;
			children = (
				8768B236266AB1FC00114B8C /* RemoteDataStore.swift */,
				8768B291266C12BA00114B8C /* BaseService.swift */,
			);
			path = Service;
			sourceTree = "<group>";
		};
		8768B23B266AB2E800114B8C /* Presenters */ = {
			isa = PBXGroup;
			children = (
				8768B2BE266C26D800114B8C /* ProductsVCPresenter.swift */,
				8768B320266C622A00114B8C /* TransactionsVCPresenter.swift */,
			);
			path = Presenters;
			sourceTree = "<group>";
		};
		8768B248266AB77300114B8C /* Views */ = {
			isa = PBXGroup;
			children = (
				8768B26E266AD72700114B8C /* collectionViewCells */,
				8768B26D266AD71D00114B8C /* tableViewCells */,
			);
			path = Views;
			sourceTree = "<group>";
		};
		8768B26D266AD71D00114B8C /* tableViewCells */ = {
			isa = PBXGroup;
			children = (
				8768B276266ADC6800114B8C /* TransactionTableViewCell.swift */,
				8768B277266ADC6800114B8C /* TransactionTableViewCell.xib */,
			);
			path = tableViewCells;
			sourceTree = "<group>";
		};
		8768B26E266AD72700114B8C /* collectionViewCells */ = {
			isa = PBXGroup;
			children = (
				8768B26F266ADC4400114B8C /* ProductCollectionViewCell.swift */,
				8768B270266ADC4400114B8C /* ProductCollectionViewCell.xib */,
			);
			path = collectionViewCells;
			sourceTree = "<group>";
		};
		8768B2B7266C262F00114B8C /* Scenes */ = {
			isa = PBXGroup;
			children = (
				8768B32B266CD69F00114B8C /* Transactions */,
				8768B2B8266C263500114B8C /* Products */,
			);
			path = Scenes;
			sourceTree = "<group>";
		};
		8768B2B8266C263500114B8C /* Products */ = {
			isa = PBXGroup;
			children = (
				8768B21B266AACDC00114B8C /* ProductsViewController.swift */,
				8768B2B9266C26A500114B8C /* ProductsVC+CollectionView.swift */,
				8768B2C3266C2A1C00114B8C /* ProductsVC+PresenterDelegate.swift */,
			);
			path = Products;
			sourceTree = "<group>";
		};
		8768B32B266CD69F00114B8C /* Transactions */ = {
			isa = PBXGroup;
			children = (
				8768B223266AACF900114B8C /* TransactionsViewController.swift */,
				8768B337266CD8D100114B8C /* TransactionsVC+TableView.swift */,
				8768B332266CD89A00114B8C /* TransactionsVC+PresenterDelegate.swift */,
			);
			path = Transactions;
			sourceTree = "<group>";
		};
		8768B52C266FD88F00114B8C /* Startup */ = {
			isa = PBXGroup;
			children = (
				8768B12C266A833000114B8C /* AppDelegate.swift */,
			);
			path = Startup;
			sourceTree = "<group>";
		};
		8768B52D266FD8A300114B8C /* Supporting Files */ = {
			isa = PBXGroup;
			children = (
				8768B12E266A833000114B8C /* SceneDelegate.swift */,
				8768B137266A833200114B8C /* LaunchScreen.storyboard */,
			);
			path = "Supporting Files";
			sourceTree = "<group>";
		};
		8768B52E266FD8BF00114B8C /* Storyboards */ = {
			isa = PBXGroup;
			children = (
				8768B132266A833000114B8C /* Main.storyboard */,
			);
			path = Storyboards;
			sourceTree = "<group>";
		};
		8768B532266FD8EA00114B8C /* Resources */ = {
			isa = PBXGroup;
			children = (
				8768B135266A833200114B8C /* Assets.xcassets */,
			);
			path = Resources;
			sourceTree = "<group>";
		};
		879C3F5626711179005832CF /* Extensions */ = {
			isa = PBXGroup;
			children = (
				879C3F69267113F7005832CF /* Foundation */,
				879C3F602671138B005832CF /* UIKit */,
			);
			path = Extensions;
			sourceTree = "<group>";
		};
		879C3F602671138B005832CF /* UIKit */ = {
			isa = PBXGroup;
			children = (
				879C3F61267113B3005832CF /* UIViewController+ShowDialog.swift */,
			);
			path = UIKit;
			sourceTree = "<group>";
		};
		879C3F69267113F7005832CF /* Foundation */ = {
			isa = PBXGroup;
			children = (
				8768B1ED266A9FEB00114B8C /* Commons.swift */,
			);
			path = Foundation;
			sourceTree = "<group>";
		};
		879C3F932671329E005832CF /* Utils */ = {
			isa = PBXGroup;
			children = (
				879C3F94267132B5005832CF /* Currency.swift */,
			);
			path = Utils;
			sourceTree = "<group>";
		};
		87B6FF3A2670D339000CB029 /* Helpers */ = {
			isa = PBXGroup;
			children = (
				87B6FF3B2670D352000CB029 /* NavigationHelper.swift */,
				879C3F6E26711525005832CF /* ConversorHelper.swift */,
			);
			path = Helpers;
			sourceTree = "<group>";
		};
/* End PBXGroup section */

/* Begin PBXNativeTarget section */
		8768B128266A833000114B8C /* GNBTrades */ = {
			isa = PBXNativeTarget;
			buildConfigurationList = 8768B153266A833200114B8C /* Build configuration list for PBXNativeTarget "GNBTrades" */;
			buildPhases = (
				E316C8BE37CD340A77B2EF57 /* [CP] Check Pods Manifest.lock */,
				8768B125266A833000114B8C /* Sources */,
				8768B126266A833000114B8C /* Frameworks */,
				8768B127266A833000114B8C /* Resources */,
				7728CA8B71209546769D93E0 /* [CP] Embed Pods Frameworks */,
			);
			buildRules = (
			);
			dependencies = (
			);
			name = GNBTrades;
			productName = GNBTrades;
			productReference = 8768B129266A833000114B8C /* GNBTrades.app */;
			productType = "com.apple.product-type.application";
		};
		8768B13E266A833200114B8C /* GNBTradesTests */ = {
			isa = PBXNativeTarget;
			buildConfigurationList = 8768B156266A833200114B8C /* Build configuration list for PBXNativeTarget "GNBTradesTests" */;
			buildPhases = (
				EAA61CBCE1CADD4B27C245BD /* [CP] Check Pods Manifest.lock */,
				8768B13B266A833200114B8C /* Sources */,
				8768B13C266A833200114B8C /* Frameworks */,
				8768B13D266A833200114B8C /* Resources */,
				97DC379677DA235E8F91D90C /* [CP] Embed Pods Frameworks */,
			);
			buildRules = (
			);
			dependencies = (
				8768B141266A833200114B8C /* PBXTargetDependency */,
			);
			name = GNBTradesTests;
			productName = GNBTradesTests;
			productReference = 8768B13F266A833200114B8C /* GNBTradesTests.xctest */;
			productType = "com.apple.product-type.bundle.unit-test";
		};
		8768B149266A833200114B8C /* GNBTradesUITests */ = {
			isa = PBXNativeTarget;
			buildConfigurationList = 8768B159266A833200114B8C /* Build configuration list for PBXNativeTarget "GNBTradesUITests" */;
			buildPhases = (
				B6F7565EE83DEB66C68E3FF2 /* [CP] Check Pods Manifest.lock */,
				8768B146266A833200114B8C /* Sources */,
				8768B147266A833200114B8C /* Frameworks */,
				8768B148266A833200114B8C /* Resources */,
				6E10D67D7A8CC2B5401CA00F /* [CP] Embed Pods Frameworks */,
			);
			buildRules = (
			);
			dependencies = (
				8768B14C266A833200114B8C /* PBXTargetDependency */,
			);
			name = GNBTradesUITests;
			productName = GNBTradesUITests;
			productReference = 8768B14A266A833200114B8C /* GNBTradesUITests.xctest */;
			productType = "com.apple.product-type.bundle.ui-testing";
		};
/* End PBXNativeTarget section */

/* Begin PBXProject section */
		8768B121266A833000114B8C /* Project object */ = {
			isa = PBXProject;
			attributes = {
				LastSwiftUpdateCheck = 1240;
				LastUpgradeCheck = 1240;
				TargetAttributes = {
					8768B128266A833000114B8C = {
						CreatedOnToolsVersion = 12.4;
					};
					8768B13E266A833200114B8C = {
						CreatedOnToolsVersion = 12.4;
						TestTargetID = 8768B128266A833000114B8C;
					};
					8768B149266A833200114B8C = {
						CreatedOnToolsVersion = 12.4;
						TestTargetID = 8768B128266A833000114B8C;
					};
				};
			};
			buildConfigurationList = 8768B124266A833000114B8C /* Build configuration list for PBXProject "GNBTrades" */;
			compatibilityVersion = "Xcode 9.3";
			developmentRegion = en;
			hasScannedForEncodings = 0;
			knownRegions = (
				en,
				Base,
			);
			mainGroup = 8768B120266A833000114B8C;
			productRefGroup = 8768B12A266A833000114B8C /* Products */;
			projectDirPath = "";
			projectRoot = "";
			targets = (
				8768B128266A833000114B8C /* GNBTrades */,
				8768B13E266A833200114B8C /* GNBTradesTests */,
				8768B149266A833200114B8C /* GNBTradesUITests */,
			);
		};
/* End PBXProject section */

/* Begin PBXResourcesBuildPhase section */
		8768B127266A833000114B8C /* Resources */ = {
			isa = PBXResourcesBuildPhase;
			buildActionMask = 2147483647;
			files = (
				8768B279266ADC6800114B8C /* TransactionTableViewCell.xib in Resources */,
				8768B139266A833200114B8C /* LaunchScreen.storyboard in Resources */,
				8768B136266A833200114B8C /* Assets.xcassets in Resources */,
				8768B272266ADC4400114B8C /* ProductCollectionViewCell.xib in Resources */,
				8768B134266A833000114B8C /* Main.storyboard in Resources */,
			);
			runOnlyForDeploymentPostprocessing = 0;
		};
		8768B13D266A833200114B8C /* Resources */ = {
			isa = PBXResourcesBuildPhase;
			buildActionMask = 2147483647;
			files = (
			);
			runOnlyForDeploymentPostprocessing = 0;
		};
		8768B148266A833200114B8C /* Resources */ = {
			isa = PBXResourcesBuildPhase;
			buildActionMask = 2147483647;
			files = (
			);
			runOnlyForDeploymentPostprocessing = 0;
		};
/* End PBXResourcesBuildPhase section */

/* Begin PBXShellScriptBuildPhase section */
		6E10D67D7A8CC2B5401CA00F /* [CP] Embed Pods Frameworks */ = {
			isa = PBXShellScriptBuildPhase;
			buildActionMask = 2147483647;
			files = (
			);
			inputFileListPaths = (
				"${PODS_ROOT}/Target Support Files/Pods-GNBTrades-GNBTradesUITests/Pods-GNBTrades-GNBTradesUITests-frameworks-${CONFIGURATION}-input-files.xcfilelist",
			);
			name = "[CP] Embed Pods Frameworks";
			outputFileListPaths = (
				"${PODS_ROOT}/Target Support Files/Pods-GNBTrades-GNBTradesUITests/Pods-GNBTrades-GNBTradesUITests-frameworks-${CONFIGURATION}-output-files.xcfilelist",
			);
			runOnlyForDeploymentPostprocessing = 0;
			shellPath = /bin/sh;
			shellScript = "\"${PODS_ROOT}/Target Support Files/Pods-GNBTrades-GNBTradesUITests/Pods-GNBTrades-GNBTradesUITests-frameworks.sh\"\n";
			showEnvVarsInLog = 0;
		};
		7728CA8B71209546769D93E0 /* [CP] Embed Pods Frameworks */ = {
			isa = PBXShellScriptBuildPhase;
			buildActionMask = 2147483647;
			files = (
			);
			inputFileListPaths = (
				"${PODS_ROOT}/Target Support Files/Pods-GNBTrades/Pods-GNBTrades-frameworks-${CONFIGURATION}-input-files.xcfilelist",
			);
			name = "[CP] Embed Pods Frameworks";
			outputFileListPaths = (
				"${PODS_ROOT}/Target Support Files/Pods-GNBTrades/Pods-GNBTrades-frameworks-${CONFIGURATION}-output-files.xcfilelist",
			);
			runOnlyForDeploymentPostprocessing = 0;
			shellPath = /bin/sh;
			shellScript = "\"${PODS_ROOT}/Target Support Files/Pods-GNBTrades/Pods-GNBTrades-frameworks.sh\"\n";
			showEnvVarsInLog = 0;
		};
		97DC379677DA235E8F91D90C /* [CP] Embed Pods Frameworks */ = {
			isa = PBXShellScriptBuildPhase;
			buildActionMask = 2147483647;
			files = (
			);
			inputFileListPaths = (
				"${PODS_ROOT}/Target Support Files/Pods-GNBTradesTests/Pods-GNBTradesTests-frameworks-${CONFIGURATION}-input-files.xcfilelist",
			);
			name = "[CP] Embed Pods Frameworks";
			outputFileListPaths = (
				"${PODS_ROOT}/Target Support Files/Pods-GNBTradesTests/Pods-GNBTradesTests-frameworks-${CONFIGURATION}-output-files.xcfilelist",
			);
			runOnlyForDeploymentPostprocessing = 0;
			shellPath = /bin/sh;
			shellScript = "\"${PODS_ROOT}/Target Support Files/Pods-GNBTradesTests/Pods-GNBTradesTests-frameworks.sh\"\n";
			showEnvVarsInLog = 0;
		};
		B6F7565EE83DEB66C68E3FF2 /* [CP] Check Pods Manifest.lock */ = {
			isa = PBXShellScriptBuildPhase;
			buildActionMask = 2147483647;
			files = (
			);
			inputFileListPaths = (
			);
			inputPaths = (
				"${PODS_PODFILE_DIR_PATH}/Podfile.lock",
				"${PODS_ROOT}/Manifest.lock",
			);
			name = "[CP] Check Pods Manifest.lock";
			outputFileListPaths = (
			);
			outputPaths = (
				"$(DERIVED_FILE_DIR)/Pods-GNBTrades-GNBTradesUITests-checkManifestLockResult.txt",
			);
			runOnlyForDeploymentPostprocessing = 0;
			shellPath = /bin/sh;
			shellScript = "diff \"${PODS_PODFILE_DIR_PATH}/Podfile.lock\" \"${PODS_ROOT}/Manifest.lock\" > /dev/null\nif [ $? != 0 ] ; then\n    # print error to STDERR\n    echo \"error: The sandbox is not in sync with the Podfile.lock. Run 'pod install' or update your CocoaPods installation.\" >&2\n    exit 1\nfi\n# This output is used by Xcode 'outputs' to avoid re-running this script phase.\necho \"SUCCESS\" > \"${SCRIPT_OUTPUT_FILE_0}\"\n";
			showEnvVarsInLog = 0;
		};
		E316C8BE37CD340A77B2EF57 /* [CP] Check Pods Manifest.lock */ = {
			isa = PBXShellScriptBuildPhase;
			buildActionMask = 2147483647;
			files = (
			);
			inputFileListPaths = (
			);
			inputPaths = (
				"${PODS_PODFILE_DIR_PATH}/Podfile.lock",
				"${PODS_ROOT}/Manifest.lock",
			);
			name = "[CP] Check Pods Manifest.lock";
			outputFileListPaths = (
			);
			outputPaths = (
				"$(DERIVED_FILE_DIR)/Pods-GNBTrades-checkManifestLockResult.txt",
			);
			runOnlyForDeploymentPostprocessing = 0;
			shellPath = /bin/sh;
			shellScript = "diff \"${PODS_PODFILE_DIR_PATH}/Podfile.lock\" \"${PODS_ROOT}/Manifest.lock\" > /dev/null\nif [ $? != 0 ] ; then\n    # print error to STDERR\n    echo \"error: The sandbox is not in sync with the Podfile.lock. Run 'pod install' or update your CocoaPods installation.\" >&2\n    exit 1\nfi\n# This output is used by Xcode 'outputs' to avoid re-running this script phase.\necho \"SUCCESS\" > \"${SCRIPT_OUTPUT_FILE_0}\"\n";
			showEnvVarsInLog = 0;
		};
		EAA61CBCE1CADD4B27C245BD /* [CP] Check Pods Manifest.lock */ = {
			isa = PBXShellScriptBuildPhase;
			buildActionMask = 2147483647;
			files = (
			);
			inputFileListPaths = (
			);
			inputPaths = (
				"${PODS_PODFILE_DIR_PATH}/Podfile.lock",
				"${PODS_ROOT}/Manifest.lock",
			);
			name = "[CP] Check Pods Manifest.lock";
			outputFileListPaths = (
			);
			outputPaths = (
				"$(DERIVED_FILE_DIR)/Pods-GNBTradesTests-checkManifestLockResult.txt",
			);
			runOnlyForDeploymentPostprocessing = 0;
			shellPath = /bin/sh;
			shellScript = "diff \"${PODS_PODFILE_DIR_PATH}/Podfile.lock\" \"${PODS_ROOT}/Manifest.lock\" > /dev/null\nif [ $? != 0 ] ; then\n    # print error to STDERR\n    echo \"error: The sandbox is not in sync with the Podfile.lock. Run 'pod install' or update your CocoaPods installation.\" >&2\n    exit 1\nfi\n# This output is used by Xcode 'outputs' to avoid re-running this script phase.\necho \"SUCCESS\" > \"${SCRIPT_OUTPUT_FILE_0}\"\n";
			showEnvVarsInLog = 0;
		};
/* End PBXShellScriptBuildPhase section */

/* Begin PBXSourcesBuildPhase section */
		8768B125266A833000114B8C /* Sources */ = {
			isa = PBXSourcesBuildPhase;
			buildActionMask = 2147483647;
			files = (
				8768B278266ADC6800114B8C /* TransactionTableViewCell.swift in Sources */,
				879C3F62267113B3005832CF /* UIViewController+ShowDialog.swift in Sources */,
				8768B12D266A833000114B8C /* AppDelegate.swift in Sources */,
				8768B2BA266C26A500114B8C /* ProductsVC+CollectionView.swift in Sources */,
				8768B271266ADC4400114B8C /* ProductCollectionViewCell.swift in Sources */,
				8768B258266AC44600114B8C /* Product.swift in Sources */,
				8768B1E3266A9F3300114B8C /* Transaction.swift in Sources */,
				879C3F6F26711525005832CF /* ConversorHelper.swift in Sources */,
				8768B1E8266A9F3B00114B8C /* Rate.swift in Sources */,
				8768B1EE266A9FEB00114B8C /* Commons.swift in Sources */,
				8768B2C4266C2A1C00114B8C /* ProductsVC+PresenterDelegate.swift in Sources */,
				87B6FF3C2670D352000CB029 /* NavigationHelper.swift in Sources */,
				8768B321266C622A00114B8C /* TransactionsVCPresenter.swift in Sources */,
				8768B292266C12BA00114B8C /* BaseService.swift in Sources */,
				879C3F95267132B5005832CF /* Currency.swift in Sources */,
				8768B333266CD89B00114B8C /* TransactionsVC+PresenterDelegate.swift in Sources */,
				8768B12F266A833000114B8C /* SceneDelegate.swift in Sources */,
				8768B21C266AACDC00114B8C /* ProductsViewController.swift in Sources */,
				8768B2BF266C26D800114B8C /* ProductsVCPresenter.swift in Sources */,
				8768B338266CD8D100114B8C /* TransactionsVC+TableView.swift in Sources */,
				8768B224266AACF900114B8C /* TransactionsViewController.swift in Sources */,
				8768B237266AB1FC00114B8C /* RemoteDataStore.swift in Sources */,
			);
			runOnlyForDeploymentPostprocessing = 0;
		};
		8768B13B266A833200114B8C /* Sources */ = {
			isa = PBXSourcesBuildPhase;
			buildActionMask = 2147483647;
			files = (
				8768B144266A833200114B8C /* GNBTradesTests.swift in Sources */,
			);
			runOnlyForDeploymentPostprocessing = 0;
		};
		8768B146266A833200114B8C /* Sources */ = {
			isa = PBXSourcesBuildPhase;
			buildActionMask = 2147483647;
			files = (
				8768B14F266A833200114B8C /* GNBTradesUITests.swift in Sources */,
			);
			runOnlyForDeploymentPostprocessing = 0;
		};
/* End PBXSourcesBuildPhase section */

/* Begin PBXTargetDependency section */
		8768B141266A833200114B8C /* PBXTargetDependency */ = {
			isa = PBXTargetDependency;
			target = 8768B128266A833000114B8C /* GNBTrades */;
			targetProxy = 8768B140266A833200114B8C /* PBXContainerItemProxy */;
		};
		8768B14C266A833200114B8C /* PBXTargetDependency */ = {
			isa = PBXTargetDependency;
			target = 8768B128266A833000114B8C /* GNBTrades */;
			targetProxy = 8768B14B266A833200114B8C /* PBXContainerItemProxy */;
		};
/* End PBXTargetDependency section */

/* Begin PBXVariantGroup section */
		8768B132266A833000114B8C /* Main.storyboard */ = {
			isa = PBXVariantGroup;
			children = (
				8768B133266A833000114B8C /* Base */,
			);
			name = Main.storyboard;
			sourceTree = "<group>";
		};
		8768B137266A833200114B8C /* LaunchScreen.storyboard */ = {
			isa = PBXVariantGroup;
			children = (
				8768B138266A833200114B8C /* Base */,
			);
			name = LaunchScreen.storyboard;
			sourceTree = "<group>";
		};
/* End PBXVariantGroup section */

/* Begin XCBuildConfiguration section */
		8768B151266A833200114B8C /* Debug */ = {
			isa = XCBuildConfiguration;
			buildSettings = {
				ALWAYS_SEARCH_USER_PATHS = NO;
				CLANG_ANALYZER_NONNULL = YES;
				CLANG_ANALYZER_NUMBER_OBJECT_CONVERSION = YES_AGGRESSIVE;
				CLANG_CXX_LANGUAGE_STANDARD = "gnu++14";
				CLANG_CXX_LIBRARY = "libc++";
				CLANG_ENABLE_MODULES = YES;
				CLANG_ENABLE_OBJC_ARC = YES;
				CLANG_ENABLE_OBJC_WEAK = YES;
				CLANG_WARN_BLOCK_CAPTURE_AUTORELEASING = YES;
				CLANG_WARN_BOOL_CONVERSION = YES;
				CLANG_WARN_COMMA = YES;
				CLANG_WARN_CONSTANT_CONVERSION = YES;
				CLANG_WARN_DEPRECATED_OBJC_IMPLEMENTATIONS = YES;
				CLANG_WARN_DIRECT_OBJC_ISA_USAGE = YES_ERROR;
				CLANG_WARN_DOCUMENTATION_COMMENTS = YES;
				CLANG_WARN_EMPTY_BODY = YES;
				CLANG_WARN_ENUM_CONVERSION = YES;
				CLANG_WARN_INFINITE_RECURSION = YES;
				CLANG_WARN_INT_CONVERSION = YES;
				CLANG_WARN_NON_LITERAL_NULL_CONVERSION = YES;
				CLANG_WARN_OBJC_IMPLICIT_RETAIN_SELF = YES;
				CLANG_WARN_OBJC_LITERAL_CONVERSION = YES;
				CLANG_WARN_OBJC_ROOT_CLASS = YES_ERROR;
				CLANG_WARN_QUOTED_INCLUDE_IN_FRAMEWORK_HEADER = YES;
				CLANG_WARN_RANGE_LOOP_ANALYSIS = YES;
				CLANG_WARN_STRICT_PROTOTYPES = YES;
				CLANG_WARN_SUSPICIOUS_MOVE = YES;
				CLANG_WARN_UNGUARDED_AVAILABILITY = YES_AGGRESSIVE;
				CLANG_WARN_UNREACHABLE_CODE = YES;
				CLANG_WARN__DUPLICATE_METHOD_MATCH = YES;
				COPY_PHASE_STRIP = NO;
				DEBUG_INFORMATION_FORMAT = dwarf;
				ENABLE_STRICT_OBJC_MSGSEND = YES;
				ENABLE_TESTABILITY = YES;
				GCC_C_LANGUAGE_STANDARD = gnu11;
				GCC_DYNAMIC_NO_PIC = NO;
				GCC_NO_COMMON_BLOCKS = YES;
				GCC_OPTIMIZATION_LEVEL = 0;
				GCC_PREPROCESSOR_DEFINITIONS = (
					"DEBUG=1",
					"$(inherited)",
				);
				GCC_WARN_64_TO_32_BIT_CONVERSION = YES;
				GCC_WARN_ABOUT_RETURN_TYPE = YES_ERROR;
				GCC_WARN_UNDECLARED_SELECTOR = YES;
				GCC_WARN_UNINITIALIZED_AUTOS = YES_AGGRESSIVE;
				GCC_WARN_UNUSED_FUNCTION = YES;
				GCC_WARN_UNUSED_VARIABLE = YES;
				IPHONEOS_DEPLOYMENT_TARGET = 12.1;
				MTL_ENABLE_DEBUG_INFO = INCLUDE_SOURCE;
				MTL_FAST_MATH = YES;
				ONLY_ACTIVE_ARCH = YES;
				SDKROOT = iphoneos;
				SWIFT_ACTIVE_COMPILATION_CONDITIONS = DEBUG;
				SWIFT_OPTIMIZATION_LEVEL = "-Onone";
			};
			name = Debug;
		};
		8768B152266A833200114B8C /* Release */ = {
			isa = XCBuildConfiguration;
			buildSettings = {
				ALWAYS_SEARCH_USER_PATHS = NO;
				CLANG_ANALYZER_NONNULL = YES;
				CLANG_ANALYZER_NUMBER_OBJECT_CONVERSION = YES_AGGRESSIVE;
				CLANG_CXX_LANGUAGE_STANDARD = "gnu++14";
				CLANG_CXX_LIBRARY = "libc++";
				CLANG_ENABLE_MODULES = YES;
				CLANG_ENABLE_OBJC_ARC = YES;
				CLANG_ENABLE_OBJC_WEAK = YES;
				CLANG_WARN_BLOCK_CAPTURE_AUTORELEASING = YES;
				CLANG_WARN_BOOL_CONVERSION = YES;
				CLANG_WARN_COMMA = YES;
				CLANG_WARN_CONSTANT_CONVERSION = YES;
				CLANG_WARN_DEPRECATED_OBJC_IMPLEMENTATIONS = YES;
				CLANG_WARN_DIRECT_OBJC_ISA_USAGE = YES_ERROR;
				CLANG_WARN_DOCUMENTATION_COMMENTS = YES;
				CLANG_WARN_EMPTY_BODY = YES;
				CLANG_WARN_ENUM_CONVERSION = YES;
				CLANG_WARN_INFINITE_RECURSION = YES;
				CLANG_WARN_INT_CONVERSION = YES;
				CLANG_WARN_NON_LITERAL_NULL_CONVERSION = YES;
				CLANG_WARN_OBJC_IMPLICIT_RETAIN_SELF = YES;
				CLANG_WARN_OBJC_LITERAL_CONVERSION = YES;
				CLANG_WARN_OBJC_ROOT_CLASS = YES_ERROR;
				CLANG_WARN_QUOTED_INCLUDE_IN_FRAMEWORK_HEADER = YES;
				CLANG_WARN_RANGE_LOOP_ANALYSIS = YES;
				CLANG_WARN_STRICT_PROTOTYPES = YES;
				CLANG_WARN_SUSPICIOUS_MOVE = YES;
				CLANG_WARN_UNGUARDED_AVAILABILITY = YES_AGGRESSIVE;
				CLANG_WARN_UNREACHABLE_CODE = YES;
				CLANG_WARN__DUPLICATE_METHOD_MATCH = YES;
				COPY_PHASE_STRIP = NO;
				DEBUG_INFORMATION_FORMAT = "dwarf-with-dsym";
				ENABLE_NS_ASSERTIONS = NO;
				ENABLE_STRICT_OBJC_MSGSEND = YES;
				GCC_C_LANGUAGE_STANDARD = gnu11;
				GCC_NO_COMMON_BLOCKS = YES;
				GCC_WARN_64_TO_32_BIT_CONVERSION = YES;
				GCC_WARN_ABOUT_RETURN_TYPE = YES_ERROR;
				GCC_WARN_UNDECLARED_SELECTOR = YES;
				GCC_WARN_UNINITIALIZED_AUTOS = YES_AGGRESSIVE;
				GCC_WARN_UNUSED_FUNCTION = YES;
				GCC_WARN_UNUSED_VARIABLE = YES;
				IPHONEOS_DEPLOYMENT_TARGET = 12.1;
				MTL_ENABLE_DEBUG_INFO = NO;
				MTL_FAST_MATH = YES;
				SDKROOT = iphoneos;
				SWIFT_COMPILATION_MODE = wholemodule;
				SWIFT_OPTIMIZATION_LEVEL = "-O";
				VALIDATE_PRODUCT = YES;
			};
			name = Release;
		};
		8768B154266A833200114B8C /* Debug */ = {
			isa = XCBuildConfiguration;
			baseConfigurationReference = 4586CF44FBE73FA3755888EC /* Pods-GNBTrades.debug.xcconfig */;
			buildSettings = {
				ASSETCATALOG_COMPILER_APPICON_NAME = AppIcon;
				ASSETCATALOG_COMPILER_GLOBAL_ACCENT_COLOR_NAME = AccentColor;
				CODE_SIGN_STYLE = Automatic;
				DEVELOPMENT_TEAM = GHT59S24UX;
				INFOPLIST_FILE = GNBTrades/Info.plist;
				LD_RUNPATH_SEARCH_PATHS = (
					"$(inherited)",
					"@executable_path/Frameworks",
				);
				PRODUCT_BUNDLE_IDENTIFIER = com.company.GNBTrades;
				PRODUCT_NAME = "$(TARGET_NAME)";
				SWIFT_VERSION = 5.0;
				TARGETED_DEVICE_FAMILY = "1,2";
			};
			name = Debug;
		};
		8768B155266A833200114B8C /* Release */ = {
			isa = XCBuildConfiguration;
			baseConfigurationReference = C82ED69699E39034D87D8BF1 /* Pods-GNBTrades.release.xcconfig */;
			buildSettings = {
				ASSETCATALOG_COMPILER_APPICON_NAME = AppIcon;
				ASSETCATALOG_COMPILER_GLOBAL_ACCENT_COLOR_NAME = AccentColor;
				CODE_SIGN_STYLE = Automatic;
				DEVELOPMENT_TEAM = GHT59S24UX;
				INFOPLIST_FILE = GNBTrades/Info.plist;
				LD_RUNPATH_SEARCH_PATHS = (
					"$(inherited)",
					"@executable_path/Frameworks",
				);
				PRODUCT_BUNDLE_IDENTIFIER = com.company.GNBTrades;
				PRODUCT_NAME = "$(TARGET_NAME)";
				SWIFT_VERSION = 5.0;
				TARGETED_DEVICE_FAMILY = "1,2";
			};
			name = Release;
		};
		8768B157266A833200114B8C /* Debug */ = {
			isa = XCBuildConfiguration;
			baseConfigurationReference = 4410B26C5C374AFDA8CD9325 /* Pods-GNBTradesTests.debug.xcconfig */;
			buildSettings = {
				ALWAYS_EMBED_SWIFT_STANDARD_LIBRARIES = YES;
				BUNDLE_LOADER = "$(TEST_HOST)";
				CODE_SIGN_STYLE = Automatic;
				DEVELOPMENT_TEAM = GHT59S24UX;
				INFOPLIST_FILE = GNBTradesTests/Info.plist;
				IPHONEOS_DEPLOYMENT_TARGET = 14.4;
				LD_RUNPATH_SEARCH_PATHS = (
					"$(inherited)",
					"@executable_path/Frameworks",
					"@loader_path/Frameworks",
				);
				PRODUCT_BUNDLE_IDENTIFIER = com.company.GNBTradesTests;
				PRODUCT_NAME = "$(TARGET_NAME)";
				SWIFT_VERSION = 5.0;
				TARGETED_DEVICE_FAMILY = "1,2";
				TEST_HOST = "$(BUILT_PRODUCTS_DIR)/GNBTrades.app/GNBTrades";
			};
			name = Debug;
		};
		8768B158266A833200114B8C /* Release */ = {
			isa = XCBuildConfiguration;
			baseConfigurationReference = A2FE36D209A1C0BCE8D48E80 /* Pods-GNBTradesTests.release.xcconfig */;
			buildSettings = {
				ALWAYS_EMBED_SWIFT_STANDARD_LIBRARIES = YES;
				BUNDLE_LOADER = "$(TEST_HOST)";
				CODE_SIGN_STYLE = Automatic;
				DEVELOPMENT_TEAM = GHT59S24UX;
				INFOPLIST_FILE = GNBTradesTests/Info.plist;
				IPHONEOS_DEPLOYMENT_TARGET = 14.4;
				LD_RUNPATH_SEARCH_PATHS = (
					"$(inherited)",
					"@executable_path/Frameworks",
					"@loader_path/Frameworks",
				);
				PRODUCT_BUNDLE_IDENTIFIER = com.company.GNBTradesTests;
				PRODUCT_NAME = "$(TARGET_NAME)";
				SWIFT_VERSION = 5.0;
				TARGETED_DEVICE_FAMILY = "1,2";
				TEST_HOST = "$(BUILT_PRODUCTS_DIR)/GNBTrades.app/GNBTrades";
			};
			name = Release;
		};
		8768B15A266A833200114B8C /* Debug */ = {
			isa = XCBuildConfiguration;
			baseConfigurationReference = F85E1EBFFEDDF024B5A619E6 /* Pods-GNBTrades-GNBTradesUITests.debug.xcconfig */;
			buildSettings = {
				ALWAYS_EMBED_SWIFT_STANDARD_LIBRARIES = YES;
				CODE_SIGN_STYLE = Automatic;
				DEVELOPMENT_TEAM = GHT59S24UX;
				INFOPLIST_FILE = GNBTradesUITests/Info.plist;
				LD_RUNPATH_SEARCH_PATHS = (
					"$(inherited)",
					"@executable_path/Frameworks",
					"@loader_path/Frameworks",
				);
				PRODUCT_BUNDLE_IDENTIFIER = com.company.GNBTradesUITests;
				PRODUCT_NAME = "$(TARGET_NAME)";
				SWIFT_VERSION = 5.0;
				TARGETED_DEVICE_FAMILY = "1,2";
				TEST_TARGET_NAME = GNBTrades;
			};
			name = Debug;
		};
		8768B15B266A833200114B8C /* Release */ = {
			isa = XCBuildConfiguration;
			baseConfigurationReference = 2F9FB85354F10F9211547385 /* Pods-GNBTrades-GNBTradesUITests.release.xcconfig */;
			buildSettings = {
				ALWAYS_EMBED_SWIFT_STANDARD_LIBRARIES = YES;
				CODE_SIGN_STYLE = Automatic;
				DEVELOPMENT_TEAM = GHT59S24UX;
				INFOPLIST_FILE = GNBTradesUITests/Info.plist;
				LD_RUNPATH_SEARCH_PATHS = (
					"$(inherited)",
					"@executable_path/Frameworks",
					"@loader_path/Frameworks",
				);
				PRODUCT_BUNDLE_IDENTIFIER = com.company.GNBTradesUITests;
				PRODUCT_NAME = "$(TARGET_NAME)";
				SWIFT_VERSION = 5.0;
				TARGETED_DEVICE_FAMILY = "1,2";
				TEST_TARGET_NAME = GNBTrades;
			};
			name = Release;
		};
/* End XCBuildConfiguration section */

/* Begin XCConfigurationList section */
		8768B124266A833000114B8C /* Build configuration list for PBXProject "GNBTrades" */ = {
			isa = XCConfigurationList;
			buildConfigurations = (
				8768B151266A833200114B8C /* Debug */,
				8768B152266A833200114B8C /* Release */,
			);
			defaultConfigurationIsVisible = 0;
			defaultConfigurationName = Release;
		};
		8768B153266A833200114B8C /* Build configuration list for PBXNativeTarget "GNBTrades" */ = {
			isa = XCConfigurationList;
			buildConfigurations = (
				8768B154266A833200114B8C /* Debug */,
				8768B155266A833200114B8C /* Release */,
			);
			defaultConfigurationIsVisible = 0;
			defaultConfigurationName = Release;
		};
		8768B156266A833200114B8C /* Build configuration list for PBXNativeTarget "GNBTradesTests" */ = {
			isa = XCConfigurationList;
			buildConfigurations = (
				8768B157266A833200114B8C /* Debug */,
				8768B158266A833200114B8C /* Release */,
			);
			defaultConfigurationIsVisible = 0;
			defaultConfigurationName = Release;
		};
		8768B159266A833200114B8C /* Build configuration list for PBXNativeTarget "GNBTradesUITests" */ = {
			isa = XCConfigurationList;
			buildConfigurations = (
				8768B15A266A833200114B8C /* Debug */,
				8768B15B266A833200114B8C /* Release */,
			);
			defaultConfigurationIsVisible = 0;
			defaultConfigurationName = Release;
		};
/* End XCConfigurationList section */
	};
	rootObject = 8768B121266A833000114B8C /* Project object */;
}
